
Microsoft Visual Studio Solution File, Format Version 12.00
# Visual Studio Version 16
VisualStudioVersion = 16.0.33130.400
MinimumVisualStudioVersion = 10.0.40219.1
Project("{FAE04EC0-301F-11D3-BF4B-00C04F79EFBC}") = "58_Huy_50", "58_Huy_50\58_Huy_50.csproj", "{F8952721-55D8-49F0-B517-EF6192161EB2}"
EndProject
Global
	GlobalSection(SolutionConfigurationPlatforms) = preSolution
		Debug|Any CPU = Debug|Any CPU
		Release|Any CPU = Release|Any CPU
	EndGlobalSection
	GlobalSection(ProjectConfigurationPlatforms) = postSolution
		{F8952721-55D8-49F0-B517-EF6192161EB2}.Debug|Any CPU.ActiveCfg = Debug|Any CPU
		{F8952721-55D8-49F0-B517-EF6192161EB2}.Debug|Any CPU.Build.0 = Debug|Any CPU
		{F8952721-55D8-49F0-B517-EF6192161EB2}.Release|Any CPU.ActiveCfg = Release|Any CPU
		{F8952721-55D8-49F0-B517-EF6192161EB2}.Release|Any CPU.Build.0 = Release|Any CPU
	EndGlobalSection
	GlobalSection(SolutionProperties) = preSolution
		HideSolutionNode = FALSE
	EndGlobalSection
	GlobalSection(ExtensibilityGlobals) = postSolution
		SolutionGuid = {AFAB2289-BB4A-422D-967A-EC42AF5BC650}
	EndGlobalSection
EndGlobal
