
Microsoft Visual Studio Solution File, Format Version 12.00
# Visual Studio Version 16
VisualStudioVersion = 16.0.33130.400
MinimumVisualStudioVersion = 10.0.40219.1
Project("{FAE04EC0-301F-11D3-BF4B-00C04F79EFBC}") = "B3_Selenium_Chi_35", "B3_Selenium_Chi_35\B3_Selenium_Chi_35.csproj", "{22DE25A1-3625-41A2-AADE-A4B5F9827CAF}"
EndProject
Global
	GlobalSection(SolutionConfigurationPlatforms) = preSolution
		Debug|Any CPU = Debug|Any CPU
		Release|Any CPU = Release|Any CPU
	EndGlobalSection
	GlobalSection(ProjectConfigurationPlatforms) = postSolution
		{22DE25A1-3625-41A2-AADE-A4B5F9827CAF}.Debug|Any CPU.ActiveCfg = Debug|Any CPU
		{22DE25A1-3625-41A2-AADE-A4B5F9827CAF}.Debug|Any CPU.Build.0 = Debug|Any CPU
		{22DE25A1-3625-41A2-AADE-A4B5F9827CAF}.Release|Any CPU.ActiveCfg = Release|Any CPU
		{22DE25A1-3625-41A2-AADE-A4B5F9827CAF}.Release|Any CPU.Build.0 = Release|Any CPU
	EndGlobalSection
	GlobalSection(SolutionProperties) = preSolution
		HideSolutionNode = FALSE
	EndGlobalSection
	GlobalSection(ExtensibilityGlobals) = postSolution
		SolutionGuid = {B9574A8A-2BD9-4CC3-B249-149B005B7C81}
	EndGlobalSection
EndGlobal
