
Microsoft Visual Studio Solution File, Format Version 12.00
# Visual Studio Version 17
VisualStudioVersion = 17.12.35527.113 d17.12
MinimumVisualStudioVersion = 10.0.40219.1
Project("{FAE04EC0-301F-11D3-BF4B-00C04F79EFBC}") = "B1_Demo_Chi_35", "B1_Demo_Chi_35\B1_Demo_Chi_35.csproj", "{275EA501-8095-4AA7-B991-35947573B23F}"
EndProject
Project("{FAE04EC0-301F-11D3-BF4B-00C04F79EFBC}") = "B1_demo_Chi_35_UnitTest", "B1_demo_Chi_35_UnitTest\B1_demo_Chi_35_UnitTest.csproj", "{D3CF1308-99FB-4E6F-99DC-D1B7961DE916}"
EndProject
Global
	GlobalSection(SolutionConfigurationPlatforms) = preSolution
		Debug|Any CPU = Debug|Any CPU
		Release|Any CPU = Release|Any CPU
	EndGlobalSection
	GlobalSection(ProjectConfigurationPlatforms) = postSolution
		{275EA501-8095-4AA7-B991-35947573B23F}.Debug|Any CPU.ActiveCfg = Debug|Any CPU
		{275EA501-8095-4AA7-B991-35947573B23F}.Debug|Any CPU.Build.0 = Debug|Any CPU
		{275EA501-8095-4AA7-B991-35947573B23F}.Release|Any CPU.ActiveCfg = Release|Any CPU
		{275EA501-8095-4AA7-B991-35947573B23F}.Release|Any CPU.Build.0 = Release|Any CPU
		{D3CF1308-99FB-4E6F-99DC-D1B7961DE916}.Debug|Any CPU.ActiveCfg = Debug|Any CPU
		{D3CF1308-99FB-4E6F-99DC-D1B7961DE916}.Debug|Any CPU.Build.0 = Debug|Any CPU
		{D3CF1308-99FB-4E6F-99DC-D1B7961DE916}.Release|Any CPU.ActiveCfg = Release|Any CPU
		{D3CF1308-99FB-4E6F-99DC-D1B7961DE916}.Release|Any CPU.Build.0 = Release|Any CPU
	EndGlobalSection
	GlobalSection(SolutionProperties) = preSolution
		HideSolutionNode = FALSE
	EndGlobalSection
EndGlobal
