
Microsoft Visual Studio Solution File, Format Version 12.00
# Visual Studio Version 16
VisualStudioVersion = 16.0.33130.400
MinimumVisualStudioVersion = 10.0.40219.1
Project("{FAE04EC0-301F-11D3-BF4B-00C04F79EFBC}") = "B1_demo_Chi_35", "B1_demo_Chi_35\B1_demo_Chi_35.csproj", "{61CCDD50-DF1D-4345-9404-CBF5E777F994}"
EndProject
Project("{FAE04EC0-301F-11D3-BF4B-00C04F79EFBC}") = "B1_demo_Chi_35_UnitTest", "B1_demo_Chi_35_UnitTest\B1_demo_Chi_35_UnitTest.csproj", "{3854DB3D-20C5-4F77-8AC5-A58E5F5D936C}"
EndProject
Global
	GlobalSection(SolutionConfigurationPlatforms) = preSolution
		Debug|Any CPU = Debug|Any CPU
		Release|Any CPU = Release|Any CPU
	EndGlobalSection
	GlobalSection(ProjectConfigurationPlatforms) = postSolution
		{61CCDD50-DF1D-4345-9404-CBF5E777F994}.Debug|Any CPU.ActiveCfg = Debug|Any CPU
		{61CCDD50-DF1D-4345-9404-CBF5E777F994}.Debug|Any CPU.Build.0 = Debug|Any CPU
		{61CCDD50-DF1D-4345-9404-CBF5E777F994}.Release|Any CPU.ActiveCfg = Release|Any CPU
		{61CCDD50-DF1D-4345-9404-CBF5E777F994}.Release|Any CPU.Build.0 = Release|Any CPU
		{3854DB3D-20C5-4F77-8AC5-A58E5F5D936C}.Debug|Any CPU.ActiveCfg = Debug|Any CPU
		{3854DB3D-20C5-4F77-8AC5-A58E5F5D936C}.Debug|Any CPU.Build.0 = Debug|Any CPU
		{3854DB3D-20C5-4F77-8AC5-A58E5F5D936C}.Release|Any CPU.ActiveCfg = Release|Any CPU
		{3854DB3D-20C5-4F77-8AC5-A58E5F5D936C}.Release|Any CPU.Build.0 = Release|Any CPU
	EndGlobalSection
	GlobalSection(SolutionProperties) = preSolution
		HideSolutionNode = FALSE
	EndGlobalSection
	GlobalSection(ExtensibilityGlobals) = postSolution
		SolutionGuid = {D143789E-ADA6-47D7-A85D-13870B54423E}
	EndGlobalSection
EndGlobal
