
Microsoft Visual Studio Solution File, Format Version 12.00
# Visual Studio Version 16
VisualStudioVersion = 16.0.33130.400
MinimumVisualStudioVersion = 10.0.40219.1
Project("{FAE04EC0-301F-11D3-BF4B-00C04F79EFBC}") = "Buoi1_58_Huy_50", "Buoi1_58_Huy_50\Buoi1_58_Huy_50.csproj", "{8318B845-5A48-4EC9-9654-16727C3401C5}"
EndProject
Project("{FAE04EC0-301F-11D3-BF4B-00C04F79EFBC}") = "UnitTest_Buoi1_58_Huy_50", "UnitTest_Buoi1_58_Huy_50\UnitTest_Buoi1_58_Huy_50.csproj", "{C883659D-A9A6-4413-96C8-30E03C29D236}"
EndProject
Global
	GlobalSection(SolutionConfigurationPlatforms) = preSolution
		Debug|Any CPU = Debug|Any CPU
		Release|Any CPU = Release|Any CPU
	EndGlobalSection
	GlobalSection(ProjectConfigurationPlatforms) = postSolution
		{8318B845-5A48-4EC9-9654-16727C3401C5}.Debug|Any CPU.ActiveCfg = Debug|Any CPU
		{8318B845-5A48-4EC9-9654-16727C3401C5}.Debug|Any CPU.Build.0 = Debug|Any CPU
		{8318B845-5A48-4EC9-9654-16727C3401C5}.Release|Any CPU.ActiveCfg = Release|Any CPU
		{8318B845-5A48-4EC9-9654-16727C3401C5}.Release|Any CPU.Build.0 = Release|Any CPU
		{C883659D-A9A6-4413-96C8-30E03C29D236}.Debug|Any CPU.ActiveCfg = Debug|Any CPU
		{C883659D-A9A6-4413-96C8-30E03C29D236}.Debug|Any CPU.Build.0 = Debug|Any CPU
		{C883659D-A9A6-4413-96C8-30E03C29D236}.Release|Any CPU.ActiveCfg = Release|Any CPU
		{C883659D-A9A6-4413-96C8-30E03C29D236}.Release|Any CPU.Build.0 = Release|Any CPU
	EndGlobalSection
	GlobalSection(SolutionProperties) = preSolution
		HideSolutionNode = FALSE
	EndGlobalSection
	GlobalSection(ExtensibilityGlobals) = postSolution
		SolutionGuid = {B8C4E821-71F7-4896-8660-2D570AC84271}
	EndGlobalSection
EndGlobal
